Microsoft Visual Studio Solution File, Format Version 12.00
# Visual Studio 14
VisualStudioVersion = 14.0.25123.0
MinimumVisualStudioVersion = 10.0.40219.1
Project("{2150E333-8FDC-42A3-9474-1A3956D46DE8}") = ".paket", ".paket", "{D23E4FFF-E607-4D73-B1FE-A23E935712C8}"
	ProjectSection(SolutionItems) = preProject
		paket.dependencies = paket.dependencies
	EndProjectSection
EndProject
Project("{F2A71F9B-5D33-465A-A702-920D77279786}") = "Lib", "Lib\Lib.fsproj", "{C8C897A3-2011-4F70-A978-77F69193E6EA}"
EndProject
Project("{F2A71F9B-5D33-465A-A702-920D77279786}") = "App", "App\App.fsproj", "{D3F8FA03-9110-4288-9511-F25D892411E1}"
EndProject
Project("{F2A71F9B-5D33-465A-A702-920D77279786}") = "Lib.Tests", "Lib.Tests\Lib.Tests.fsproj", "{9E82B99D-EE99-4462-9A93-5EEF9EB83A25}"
EndProject
Global
	GlobalSection(SolutionConfigurationPlatforms) = preSolution
		Debug|Any CPU = Debug|Any CPU
		Release|Any CPU = Release|Any CPU
	EndGlobalSection
	GlobalSection(ProjectConfigurationPlatforms) = postSolution
		{C8C897A3-2011-4F70-A978-77F69193E6EA}.Debug|Any CPU.ActiveCfg = Debug|Any CPU
		{C8C897A3-2011-4F70-A978-77F69193E6EA}.Debug|Any CPU.Build.0 = Debug|Any CPU
		{C8C897A3-2011-4F70-A978-77F69193E6EA}.Release|Any CPU.ActiveCfg = Release|Any CPU
		{C8C897A3-2011-4F70-A978-77F69193E6EA}.Release|Any CPU.Build.0 = Release|Any CPU
		{D3F8FA03-9110-4288-9511-F25D892411E1}.Debug|Any CPU.ActiveCfg = Debug|Any CPU
		{D3F8FA03-9110-4288-9511-F25D892411E1}.Debug|Any CPU.Build.0 = Debug|Any CPU
		{D3F8FA03-9110-4288-9511-F25D892411E1}.Release|Any CPU.ActiveCfg = Release|Any CPU
		{D3F8FA03-9110-4288-9511-F25D892411E1}.Release|Any CPU.Build.0 = Release|Any CPU
		{9E82B99D-EE99-4462-9A93-5EEF9EB83A25}.Debug|Any CPU.ActiveCfg = Debug|Any CPU
		{9E82B99D-EE99-4462-9A93-5EEF9EB83A25}.Debug|Any CPU.Build.0 = Debug|Any CPU
		{9E82B99D-EE99-4462-9A93-5EEF9EB83A25}.Release|Any CPU.ActiveCfg = Release|Any CPU
		{9E82B99D-EE99-4462-9A93-5EEF9EB83A25}.Release|Any CPU.Build.0 = Release|Any CPU
	EndGlobalSection
	GlobalSection(SolutionProperties) = preSolution
		HideSolutionNode = FALSE
	EndGlobalSection
EndGlobal
